
Microsoft Visual Studio Solution File, Format Version 12.00
# Visual Studio Version 17
VisualStudioVersion = 17.0.31903.59
MinimumVisualStudioVersion = 10.0.40219.1
Project("{FAE04EC0-301F-11D3-BF4B-00C04F79EFBC}") = "Logger", "Logger\Logger.csproj", "{51F4C32D-B154-4568-83E0-664ED2F0B390}"
EndProject
Global
	GlobalSection(SolutionConfigurationPlatforms) = preSolution
		Debug|Any CPU = Debug|Any CPU
		Release|Any CPU = Release|Any CPU
	EndGlobalSection
	GlobalSection(ProjectConfigurationPlatforms) = postSolution
		{51F4C32D-B154-4568-83E0-664ED2F0B390}.Debug|Any CPU.ActiveCfg = Debug|Any CPU
		{51F4C32D-B154-4568-83E0-664ED2F0B390}.Debug|Any CPU.Build.0 = Debug|Any CPU
		{51F4C32D-B154-4568-83E0-664ED2F0B390}.Release|Any CPU.ActiveCfg = Release|Any CPU
		{51F4C32D-B154-4568-83E0-664ED2F0B390}.Release|Any CPU.Build.0 = Release|Any CPU
	EndGlobalSection
	GlobalSection(SolutionProperties) = preSolution
		HideSolutionNode = FALSE
	EndGlobalSection
	GlobalSection(ExtensibilityGlobals) = postSolution
		SolutionGuid = {AC6E906C-33E9-461F-9EFF-C712433C26E6}
	EndGlobalSection
EndGlobal
